
Microsoft Visual Studio Solution File, Format Version 12.00
# Visual Studio Version 17
VisualStudioVersion = 17.14.36109.1
MinimumVisualStudioVersion = 10.0.40219.1
Project("{FAE04EC0-301F-11D3-BF4B-00C04F79EFBC}") = "object-oriented", "object-oriented\object-oriented.csproj", "{E13F0796-8B6F-494F-9BB7-E659835F962A}"
EndProject
Project("{FAE04EC0-301F-11D3-BF4B-00C04F79EFBC}") = "继承and多态", "继承and多态\继承and多态.csproj", "{B7425043-FD8C-4626-B8A8-364FDF5160A2}"
EndProject
Project("{FAE04EC0-301F-11D3-BF4B-00C04F79EFBC}") = "继承and多态-图形计算系统", "继承and多态-图形计算系统\继承and多态-图形计算系统.csproj", "{E58FD411-A6D2-49E2-B73E-533853B24753}"
EndProject
Project("{FAE04EC0-301F-11D3-BF4B-00C04F79EFBC}") = "接口与抽象类4-6", "接口与抽象类4-6\接口与抽象类4-6.csproj", "{CC53CAC1-AFB6-4004-998D-B72B71CFA9BE}"
EndProject
Project("{FAE04EC0-301F-11D3-BF4B-00C04F79EFBC}") = "练习6-支付系统设计", "练习6-支付系统设计\练习6-支付系统设计.csproj", "{B5943397-4A9D-47A4-BA54-917058AFDEE8}"
EndProject
Global
	GlobalSection(SolutionConfigurationPlatforms) = preSolution
		Debug|Any CPU = Debug|Any CPU
		Release|Any CPU = Release|Any CPU
	EndGlobalSection
	GlobalSection(ProjectConfigurationPlatforms) = postSolution
		{E13F0796-8B6F-494F-9BB7-E659835F962A}.Debug|Any CPU.ActiveCfg = Debug|Any CPU
		{E13F0796-8B6F-494F-9BB7-E659835F962A}.Debug|Any CPU.Build.0 = Debug|Any CPU
		{E13F0796-8B6F-494F-9BB7-E659835F962A}.Release|Any CPU.ActiveCfg = Release|Any CPU
		{E13F0796-8B6F-494F-9BB7-E659835F962A}.Release|Any CPU.Build.0 = Release|Any CPU
		{B7425043-FD8C-4626-B8A8-364FDF5160A2}.Debug|Any CPU.ActiveCfg = Debug|Any CPU
		{B7425043-FD8C-4626-B8A8-364FDF5160A2}.Debug|Any CPU.Build.0 = Debug|Any CPU
		{B7425043-FD8C-4626-B8A8-364FDF5160A2}.Release|Any CPU.ActiveCfg = Release|Any CPU
		{B7425043-FD8C-4626-B8A8-364FDF5160A2}.Release|Any CPU.Build.0 = Release|Any CPU
		{E58FD411-A6D2-49E2-B73E-533853B24753}.Debug|Any CPU.ActiveCfg = Debug|Any CPU
		{E58FD411-A6D2-49E2-B73E-533853B24753}.Debug|Any CPU.Build.0 = Debug|Any CPU
		{E58FD411-A6D2-49E2-B73E-533853B24753}.Release|Any CPU.ActiveCfg = Release|Any CPU
		{E58FD411-A6D2-49E2-B73E-533853B24753}.Release|Any CPU.Build.0 = Release|Any CPU
		{CC53CAC1-AFB6-4004-998D-B72B71CFA9BE}.Debug|Any CPU.ActiveCfg = Debug|Any CPU
		{CC53CAC1-AFB6-4004-998D-B72B71CFA9BE}.Debug|Any CPU.Build.0 = Debug|Any CPU
		{CC53CAC1-AFB6-4004-998D-B72B71CFA9BE}.Release|Any CPU.ActiveCfg = Release|Any CPU
		{CC53CAC1-AFB6-4004-998D-B72B71CFA9BE}.Release|Any CPU.Build.0 = Release|Any CPU
		{B5943397-4A9D-47A4-BA54-917058AFDEE8}.Debug|Any CPU.ActiveCfg = Debug|Any CPU
		{B5943397-4A9D-47A4-BA54-917058AFDEE8}.Debug|Any CPU.Build.0 = Debug|Any CPU
		{B5943397-4A9D-47A4-BA54-917058AFDEE8}.Release|Any CPU.ActiveCfg = Release|Any CPU
		{B5943397-4A9D-47A4-BA54-917058AFDEE8}.Release|Any CPU.Build.0 = Release|Any CPU
	EndGlobalSection
	GlobalSection(SolutionProperties) = preSolution
		HideSolutionNode = FALSE
	EndGlobalSection
	GlobalSection(ExtensibilityGlobals) = postSolution
		SolutionGuid = {F8437C9C-F03B-46DE-8954-EA794B9E7E67}
	EndGlobalSection
EndGlobal
